
Microsoft Visual Studio Solution File, Format Version 12.00
# Visual Studio Version 16
VisualStudioVersion = 16.0.31205.134
MinimumVisualStudioVersion = 10.0.40219.1
Project("{9A19103F-16F7-4668-BE54-9A1E7A4F7556}") = "BlockChainClient", "BlockChainClient\BlockChainClient.csproj", "{A51C2A1C-9833-45C8-89B2-AD786ECC5038}"
EndProject
Project("{E53339B2-1760-4266-BCC7-CA923CBCF16C}") = "BlockChainProject", "BlockChainProject.dcproj", "{BFE66830-7A36-4C9C-844A-C2B93486F668}"
EndProject
Project("{00D1A9C2-B5F0-4AF3-8072-F6C62B433612}") = "BlockChainSQLScript", "BlockChainSQLScript\BlockChainSQLScript.sqlproj", "{F5FA7321-B423-480A-B10B-D46540713B99}"
EndProject
Project("{FAE04EC0-301F-11D3-BF4B-00C04F79EFBC}") = "BlockChainAPI", "BlockChainAPI\BlockChainAPI.csproj", "{AC4CA4B1-4CB1-4672-9DEF-636A90B949A0}"
EndProject
Global
	GlobalSection(SolutionConfigurationPlatforms) = preSolution
		Debug|Any CPU = Debug|Any CPU
		Release|Any CPU = Release|Any CPU
	EndGlobalSection
	GlobalSection(ProjectConfigurationPlatforms) = postSolution
		{A51C2A1C-9833-45C8-89B2-AD786ECC5038}.Debug|Any CPU.ActiveCfg = Debug|Any CPU
		{A51C2A1C-9833-45C8-89B2-AD786ECC5038}.Debug|Any CPU.Build.0 = Debug|Any CPU
		{A51C2A1C-9833-45C8-89B2-AD786ECC5038}.Release|Any CPU.ActiveCfg = Release|Any CPU
		{A51C2A1C-9833-45C8-89B2-AD786ECC5038}.Release|Any CPU.Build.0 = Release|Any CPU
		{BFE66830-7A36-4C9C-844A-C2B93486F668}.Debug|Any CPU.ActiveCfg = Debug|Any CPU
		{BFE66830-7A36-4C9C-844A-C2B93486F668}.Debug|Any CPU.Build.0 = Debug|Any CPU
		{BFE66830-7A36-4C9C-844A-C2B93486F668}.Release|Any CPU.ActiveCfg = Release|Any CPU
		{BFE66830-7A36-4C9C-844A-C2B93486F668}.Release|Any CPU.Build.0 = Release|Any CPU
		{F5FA7321-B423-480A-B10B-D46540713B99}.Debug|Any CPU.ActiveCfg = Debug|Any CPU
		{F5FA7321-B423-480A-B10B-D46540713B99}.Debug|Any CPU.Build.0 = Debug|Any CPU
		{F5FA7321-B423-480A-B10B-D46540713B99}.Debug|Any CPU.Deploy.0 = Debug|Any CPU
		{F5FA7321-B423-480A-B10B-D46540713B99}.Release|Any CPU.ActiveCfg = Release|Any CPU
		{F5FA7321-B423-480A-B10B-D46540713B99}.Release|Any CPU.Build.0 = Release|Any CPU
		{F5FA7321-B423-480A-B10B-D46540713B99}.Release|Any CPU.Deploy.0 = Release|Any CPU
		{AC4CA4B1-4CB1-4672-9DEF-636A90B949A0}.Debug|Any CPU.ActiveCfg = Debug|Any CPU
		{AC4CA4B1-4CB1-4672-9DEF-636A90B949A0}.Debug|Any CPU.Build.0 = Debug|Any CPU
		{AC4CA4B1-4CB1-4672-9DEF-636A90B949A0}.Release|Any CPU.ActiveCfg = Release|Any CPU
		{AC4CA4B1-4CB1-4672-9DEF-636A90B949A0}.Release|Any CPU.Build.0 = Release|Any CPU
	EndGlobalSection
	GlobalSection(SolutionProperties) = preSolution
		HideSolutionNode = FALSE
	EndGlobalSection
	GlobalSection(ExtensibilityGlobals) = postSolution
		SolutionGuid = {858C8468-37E4-4393-BC6E-474DE7B87602}
	EndGlobalSection
EndGlobal
